
Microsoft Visual Studio Solution File, Format Version 12.00
# Visual Studio Version 17
VisualStudioVersion = 17.11.35327.3
MinimumVisualStudioVersion = 10.0.40219.1
Project("{FAE04EC0-301F-11D3-BF4B-00C04F79EFBC}") = "QL_SNAC", "QL_SNAC\QL_SNAC.csproj", "{6EAA946C-BDB4-4994-994A-764EEB333414}"
EndProject
Project("{FAE04EC0-301F-11D3-BF4B-00C04F79EFBC}") = "BusinessLogicLayer", "BusinessLogicLayer\BusinessLogicLayer.csproj", "{C828B15D-2EB6-4B89-834F-533BFFD523E7}"
EndProject
Project("{FAE04EC0-301F-11D3-BF4B-00C04F79EFBC}") = "DataAccessLayer", "DataAccessLayer\DataAccessLayer.csproj", "{1C956022-1289-446C-8DEF-19C9CD22A677}"
EndProject
Global
	GlobalSection(SolutionConfigurationPlatforms) = preSolution
		Debug|Any CPU = Debug|Any CPU
		Release|Any CPU = Release|Any CPU
	EndGlobalSection
	GlobalSection(ProjectConfigurationPlatforms) = postSolution
		{6EAA946C-BDB4-4994-994A-764EEB333414}.Debug|Any CPU.ActiveCfg = Debug|Any CPU
		{6EAA946C-BDB4-4994-994A-764EEB333414}.Debug|Any CPU.Build.0 = Debug|Any CPU
		{6EAA946C-BDB4-4994-994A-764EEB333414}.Release|Any CPU.ActiveCfg = Release|Any CPU
		{6EAA946C-BDB4-4994-994A-764EEB333414}.Release|Any CPU.Build.0 = Release|Any CPU
		{C828B15D-2EB6-4B89-834F-533BFFD523E7}.Debug|Any CPU.ActiveCfg = Debug|Any CPU
		{C828B15D-2EB6-4B89-834F-533BFFD523E7}.Debug|Any CPU.Build.0 = Debug|Any CPU
		{C828B15D-2EB6-4B89-834F-533BFFD523E7}.Release|Any CPU.ActiveCfg = Release|Any CPU
		{C828B15D-2EB6-4B89-834F-533BFFD523E7}.Release|Any CPU.Build.0 = Release|Any CPU
		{1C956022-1289-446C-8DEF-19C9CD22A677}.Debug|Any CPU.ActiveCfg = Debug|Any CPU
		{1C956022-1289-446C-8DEF-19C9CD22A677}.Debug|Any CPU.Build.0 = Debug|Any CPU
		{1C956022-1289-446C-8DEF-19C9CD22A677}.Release|Any CPU.ActiveCfg = Release|Any CPU
		{1C956022-1289-446C-8DEF-19C9CD22A677}.Release|Any CPU.Build.0 = Release|Any CPU
	EndGlobalSection
	GlobalSection(SolutionProperties) = preSolution
		HideSolutionNode = FALSE
	EndGlobalSection
	GlobalSection(ExtensibilityGlobals) = postSolution
		SolutionGuid = {12863B47-44D7-4A73-9AD3-92BC73EBAA65}
	EndGlobalSection
EndGlobal
